
Microsoft Visual Studio Solution File, Format Version 12.00
# Visual Studio Version 16
VisualStudioVersion = 16.0.33801.447
MinimumVisualStudioVersion = 10.0.40219.1
Project("{FAE04EC0-301F-11D3-BF4B-00C04F79EFBC}") = "CarOrder", "CarOrder\CarOrder.csproj", "{E56754AB-86F3-41F0-8D2D-3C5AC5AD1E4C}"
EndProject
Project("{FAE04EC0-301F-11D3-BF4B-00C04F79EFBC}") = "CustomSerialize", "CustomSerialize\CustomSerialize.csproj", "{17594572-7F3A-4C2B-964D-EC00B44DA6D6}"
EndProject
Global
	GlobalSection(SolutionConfigurationPlatforms) = preSolution
		Debug|Any CPU = Debug|Any CPU
		Release|Any CPU = Release|Any CPU
	EndGlobalSection
	GlobalSection(ProjectConfigurationPlatforms) = postSolution
		{E56754AB-86F3-41F0-8D2D-3C5AC5AD1E4C}.Debug|Any CPU.ActiveCfg = Debug|Any CPU
		{E56754AB-86F3-41F0-8D2D-3C5AC5AD1E4C}.Debug|Any CPU.Build.0 = Debug|Any CPU
		{E56754AB-86F3-41F0-8D2D-3C5AC5AD1E4C}.Release|Any CPU.ActiveCfg = Release|Any CPU
		{E56754AB-86F3-41F0-8D2D-3C5AC5AD1E4C}.Release|Any CPU.Build.0 = Release|Any CPU
		{17594572-7F3A-4C2B-964D-EC00B44DA6D6}.Debug|Any CPU.ActiveCfg = Debug|Any CPU
		{17594572-7F3A-4C2B-964D-EC00B44DA6D6}.Debug|Any CPU.Build.0 = Debug|Any CPU
		{17594572-7F3A-4C2B-964D-EC00B44DA6D6}.Release|Any CPU.ActiveCfg = Release|Any CPU
		{17594572-7F3A-4C2B-964D-EC00B44DA6D6}.Release|Any CPU.Build.0 = Release|Any CPU
	EndGlobalSection
	GlobalSection(SolutionProperties) = preSolution
		HideSolutionNode = FALSE
	EndGlobalSection
	GlobalSection(ExtensibilityGlobals) = postSolution
		SolutionGuid = {52F8733D-8583-4CFB-855C-DC9EFA343B47}
	EndGlobalSection
EndGlobal
